
Microsoft Visual Studio Solution File, Format Version 12.00
# Visual Studio Version 16
VisualStudioVersion = 16.0.31205.134
MinimumVisualStudioVersion = 10.0.40219.1
Project("{FAE04EC0-301F-11D3-BF4B-00C04F79EFBC}") = "PhotoManager", "PhotoManager\PhotoManager.csproj", "{597E1F07-15E2-4312-8659-D31F5C6781CD}"
EndProject
Global
	GlobalSection(SolutionConfigurationPlatforms) = preSolution
		Debug|Any CPU = Debug|Any CPU
		Release|Any CPU = Release|Any CPU
	EndGlobalSection
	GlobalSection(ProjectConfigurationPlatforms) = postSolution
		{597E1F07-15E2-4312-8659-D31F5C6781CD}.Debug|Any CPU.ActiveCfg = Debug|Any CPU
		{597E1F07-15E2-4312-8659-D31F5C6781CD}.Debug|Any CPU.Build.0 = Debug|Any CPU
		{597E1F07-15E2-4312-8659-D31F5C6781CD}.Release|Any CPU.ActiveCfg = Release|Any CPU
		{597E1F07-15E2-4312-8659-D31F5C6781CD}.Release|Any CPU.Build.0 = Release|Any CPU
	EndGlobalSection
	GlobalSection(SolutionProperties) = preSolution
		HideSolutionNode = FALSE
	EndGlobalSection
	GlobalSection(ExtensibilityGlobals) = postSolution
		SolutionGuid = {63DB63AE-9885-4C25-890F-F3D0EBC0EEC3}
	EndGlobalSection
EndGlobal
